Microsoft Visual Studio Solution File, Format Version 12.00
# Visual Studio Version 17
VisualStudioVersion = 17.5.2.0
MinimumVisualStudioVersion = 10.0.40219.1
Project("{FAE04EC0-301F-11D3-BF4B-00C04F79EFBC}") = "NetWatch", "NetWatch.csproj", "{268A79E7-4563-995D-E5C4-F8B3EBA94BCD}"
EndProject
Global
	GlobalSection(SolutionConfigurationPlatforms) = preSolution
		Debug|Any CPU = Debug|Any CPU
		Release|Any CPU = Release|Any CPU
	EndGlobalSection
	GlobalSection(ProjectConfigurationPlatforms) = postSolution
		{268A79E7-4563-995D-E5C4-F8B3EBA94BCD}.Debug|Any CPU.ActiveCfg = Debug|Any CPU
		{268A79E7-4563-995D-E5C4-F8B3EBA94BCD}.Debug|Any CPU.Build.0 = Debug|Any CPU
		{268A79E7-4563-995D-E5C4-F8B3EBA94BCD}.Release|Any CPU.ActiveCfg = Release|Any CPU
		{268A79E7-4563-995D-E5C4-F8B3EBA94BCD}.Release|Any CPU.Build.0 = Release|Any CPU
	EndGlobalSection
	GlobalSection(SolutionProperties) = preSolution
		HideSolutionNode = FALSE
	EndGlobalSection
	GlobalSection(ExtensibilityGlobals) = postSolution
		SolutionGuid = {9A1C3991-9C7D-49CA-BEE2-B2877043BCCD}
	EndGlobalSection
EndGlobal
